
Microsoft Visual Studio Solution File, Format Version 12.00
# Visual Studio Version 17
VisualStudioVersion = 17.12.35707.178 d17.12
MinimumVisualStudioVersion = 10.0.40219.1
Project("{FAE04EC0-301F-11D3-BF4B-00C04F79EFBC}") = "Controllers", "Controllers\Controllers.csproj", "{8B5353AC-11DE-487D-A122-E4CA6792CD96}"
EndProject
Project("{FAE04EC0-301F-11D3-BF4B-00C04F79EFBC}") = "MVC_List", "MVC_List\MVC_List.csproj", "{742611BF-E02E-4E7E-900D-1AC658132183}"
EndProject
Global
	GlobalSection(SolutionConfigurationPlatforms) = preSolution
		Debug|Any CPU = Debug|Any CPU
		Release|Any CPU = Release|Any CPU
	EndGlobalSection
	GlobalSection(ProjectConfigurationPlatforms) = postSolution
		{8B5353AC-11DE-487D-A122-E4CA6792CD96}.Debug|Any CPU.ActiveCfg = Debug|Any CPU
		{8B5353AC-11DE-487D-A122-E4CA6792CD96}.Debug|Any CPU.Build.0 = Debug|Any CPU
		{8B5353AC-11DE-487D-A122-E4CA6792CD96}.Release|Any CPU.ActiveCfg = Release|Any CPU
		{8B5353AC-11DE-487D-A122-E4CA6792CD96}.Release|Any CPU.Build.0 = Release|Any CPU
		{742611BF-E02E-4E7E-900D-1AC658132183}.Debug|Any CPU.ActiveCfg = Debug|Any CPU
		{742611BF-E02E-4E7E-900D-1AC658132183}.Debug|Any CPU.Build.0 = Debug|Any CPU
		{742611BF-E02E-4E7E-900D-1AC658132183}.Release|Any CPU.ActiveCfg = Release|Any CPU
		{742611BF-E02E-4E7E-900D-1AC658132183}.Release|Any CPU.Build.0 = Release|Any CPU
	EndGlobalSection
	GlobalSection(SolutionProperties) = preSolution
		HideSolutionNode = FALSE
	EndGlobalSection
EndGlobal
