
Microsoft Visual Studio Solution File, Format Version 12.00
# Visual Studio Version 17
VisualStudioVersion = 17.12.35707.178
MinimumVisualStudioVersion = 10.0.40219.1
Project("{FAE04EC0-301F-11D3-BF4B-00C04F79EFBC}") = "Demo_codeFirstApproach", "Demo_codeFirstApproach\Demo_codeFirstApproach.csproj", "{24D80FE4-23EE-47B1-A357-03B37EAF5F7E}"
EndProject
Project("{FAE04EC0-301F-11D3-BF4B-00C04F79EFBC}") = "demo_databaseFirstApproach", "demo_databaseFirstApproach\demo_databaseFirstApproach.csproj", "{C21808DB-58D9-4E1F-ABB4-FACD14DB2B6F}"
EndProject
Global
	GlobalSection(SolutionConfigurationPlatforms) = preSolution
		Debug|Any CPU = Debug|Any CPU
		Release|Any CPU = Release|Any CPU
	EndGlobalSection
	GlobalSection(ProjectConfigurationPlatforms) = postSolution
		{24D80FE4-23EE-47B1-A357-03B37EAF5F7E}.Debug|Any CPU.ActiveCfg = Debug|Any CPU
		{24D80FE4-23EE-47B1-A357-03B37EAF5F7E}.Debug|Any CPU.Build.0 = Debug|Any CPU
		{24D80FE4-23EE-47B1-A357-03B37EAF5F7E}.Release|Any CPU.ActiveCfg = Release|Any CPU
		{24D80FE4-23EE-47B1-A357-03B37EAF5F7E}.Release|Any CPU.Build.0 = Release|Any CPU
		{C21808DB-58D9-4E1F-ABB4-FACD14DB2B6F}.Debug|Any CPU.ActiveCfg = Debug|Any CPU
		{C21808DB-58D9-4E1F-ABB4-FACD14DB2B6F}.Debug|Any CPU.Build.0 = Debug|Any CPU
		{C21808DB-58D9-4E1F-ABB4-FACD14DB2B6F}.Release|Any CPU.ActiveCfg = Release|Any CPU
		{C21808DB-58D9-4E1F-ABB4-FACD14DB2B6F}.Release|Any CPU.Build.0 = Release|Any CPU
	EndGlobalSection
	GlobalSection(SolutionProperties) = preSolution
		HideSolutionNode = FALSE
	EndGlobalSection
EndGlobal
